
Microsoft Visual Studio Solution File, Format Version 12.00
# Visual Studio Version 16
VisualStudioVersion = 16.0.33214.272
MinimumVisualStudioVersion = 10.0.40219.1
Project("{FAE04EC0-301F-11D3-BF4B-00C04F79EFBC}") = "WingmanVisual", "WingmanVisual.csproj", "{4C4F3807-20D2-43B3-8466-CAA34A8D46B2}"
EndProject
Global
	GlobalSection(SolutionConfigurationPlatforms) = preSolution
		Debug|Any CPU = Debug|Any CPU
		Release|Any CPU = Release|Any CPU
	EndGlobalSection
	GlobalSection(ProjectConfigurationPlatforms) = postSolution
		{4C4F3807-20D2-43B3-8466-CAA34A8D46B2}.Debug|Any CPU.ActiveCfg = Debug|Any CPU
		{4C4F3807-20D2-43B3-8466-CAA34A8D46B2}.Debug|Any CPU.Build.0 = Debug|Any CPU
		{4C4F3807-20D2-43B3-8466-CAA34A8D46B2}.Release|Any CPU.ActiveCfg = Release|Any CPU
		{4C4F3807-20D2-43B3-8466-CAA34A8D46B2}.Release|Any CPU.Build.0 = Release|Any CPU
	EndGlobalSection
	GlobalSection(SolutionProperties) = preSolution
		HideSolutionNode = FALSE
	EndGlobalSection
	GlobalSection(ExtensibilityGlobals) = postSolution
		SolutionGuid = {102EF154-3260-4C84-94EE-9F16539C0F53}
	EndGlobalSection
EndGlobal
